
Microsoft Visual Studio Solution File, Format Version 12.00
# Visual Studio Version 16
VisualStudioVersion = 16.0.29418.71
MinimumVisualStudioVersion = 10.0.40219.1
Project("{FAE04EC0-301F-11D3-BF4B-00C04F79EFBC}") = "galavićMarkoPetljeDZ", "galavićMarkoPetljeDZ\galavićMarkoPetljeDZ.csproj", "{835EB4A1-CA6F-459A-A901-BE81362C8EF5}"
EndProject
Global
	GlobalSection(SolutionConfigurationPlatforms) = preSolution
		Debug|Any CPU = Debug|Any CPU
		Release|Any CPU = Release|Any CPU
	EndGlobalSection
	GlobalSection(ProjectConfigurationPlatforms) = postSolution
		{835EB4A1-CA6F-459A-A901-BE81362C8EF5}.Debug|Any CPU.ActiveCfg = Debug|Any CPU
		{835EB4A1-CA6F-459A-A901-BE81362C8EF5}.Debug|Any CPU.Build.0 = Debug|Any CPU
		{835EB4A1-CA6F-459A-A901-BE81362C8EF5}.Release|Any CPU.ActiveCfg = Release|Any CPU
		{835EB4A1-CA6F-459A-A901-BE81362C8EF5}.Release|Any CPU.Build.0 = Release|Any CPU
	EndGlobalSection
	GlobalSection(SolutionProperties) = preSolution
		HideSolutionNode = FALSE
	EndGlobalSection
	GlobalSection(ExtensibilityGlobals) = postSolution
		SolutionGuid = {3E8A4C4F-6BCB-4952-A26A-2B0A32B41106}
	EndGlobalSection
EndGlobal
